// !$*UTF8*$!
{
	archiveVersion = 1;
	classes = {
	};
	objectVersion = 46;
	objects = {

/* Begin PBXBuildFile section */
		4987BF8428F43A9C005C529E /* RCA11yFocusWrapperManager.m in Sources */ = {isa = PBXBuildFile; fileRef = 4987BF8328F43A9C005C529E /* RCA11yFocusWrapperManager.m */; };
		4987BF8828F43AD8005C529E /* RCA11yFocusWrapper.m in Sources */ = {isa = PBXBuildFile; fileRef = 4987BF8728F43AD8005C529E /* RCA11yFocusWrapper.m */; };
		4987BF8E28F43B19005C529E /* RCA11yModule.m in Sources */ = {isa = PBXBuildFile; fileRef = 4987BF8D28F43B19005C529E /* RCA11yModule.m */; };
		4909A59628C3F09E004737E2 /* A11yOrderManager in Sources */ = {isa = PBXBuildFile; fileRef = 4909A59528C3F09E004737E2 /* A11yOrderManager */; };
		497895E528C238E5004F293B /* RCA11yModule.mm in Sources */ = {isa = PBXBuildFile; fileRef = 497895E428C238E5004F293B /* RCA11yModule.mm */; };
		497895E728C23910004F293B /* RCA11yModule in Sources */ = {isa = PBXBuildFile; fileRef = 497895E628C23910004F293B /* RCA11yModule */; };
		497895EB28C23A06004F293B /* RCA11yFocusWrapperManager.mm in Sources */ = {isa = PBXBuildFile; fileRef = 497895EA28C23A06004F293B /* RCA11yFocusWrapperManager.mm */; };
		497895ED28C23A35004F293B /* RCA11yFocusWrapper in Sources */ = {isa = PBXBuildFile; fileRef = 497895EC28C23A35004F293B /* RCA11yFocusWrapper */; };
		497895EF28C23A5B004F293B /* RCA11yFocusWrapperManager in Sources */ = {isa = PBXBuildFile; fileRef = 497895EE28C23A5B004F293B /* RCA11yFocusWrapperManager */; };
		497895F428C23D75004F293B /* KeyboardFocus in Sources */ = {isa = PBXBuildFile; fileRef = 497895F328C23D75004F293B /* KeyboardFocus */; };
		497895F628C23D82004F293B /* KeyboardFocusManager in Sources */ = {isa = PBXBuildFile; fileRef = 497895F528C23D81004F293B /* KeyboardFocusManager */; };
		49EC35D428E5E54600307B60 /* PaneViewManager.mm in Sources */ = {isa = PBXBuildFile; fileRef = 49EC35D328E5E54600307B60 /* PaneViewManager.mm */; };
		49EC35D628E5E58200307B60 /* PaneView in Sources */ = {isa = PBXBuildFile; fileRef = 49EC35D528E5E58200307B60 /* PaneView */; };
		49EC35D828E5E5CF00307B60 /* PaneViewManager in Sources */ = {isa = PBXBuildFile; fileRef = 49EC35D728E5E5CF00307B60 /* PaneViewManager */; };
		49EC35DA28E5E88500307B60 /* RCA11yFocusWrapper.mm in Sources */ = {isa = PBXBuildFile; fileRef = 49EC35D928E5E88500307B60 /* RCA11yFocusWrapper.mm */; };
		49F6110028E71D2D009CDD01 /* RCA11yFocusWrapperImpl in Sources */ = {isa = PBXBuildFile; fileRef = 49F610FF28E71D2D009CDD01 /* RCA11yFocusWrapperImpl */; };
/* End PBXBuildFile section */

/* Begin PBXCopyFilesBuildPhase section */
		58B511D91A9E6C8500147676 /* CopyFiles */ = {
			isa = PBXCopyFilesBuildPhase;
			buildActionMask = 2147483647;
			dstPath = "include/$(PRODUCT_NAME)";
			dstSubfolderSpec = 16;
			files = (
			);
			runOnlyForDeploymentPostprocessing = 0;
		};
/* End PBXCopyFilesBuildPhase section */

/* Begin PBXFileReference section */
		134814201AA4EA6300B7C361 /* libA11y.a */ = {isa = PBXFileReference; explicitFileType = archive.ar; includeInIndex = 0; path = libA11y.a; sourceTree = BUILT_PRODUCTS_DIR; };
		4987BF8328F43A9C005C529E /* RCA11yFocusWrapperManager.m */ = {isa = PBXFileReference; lastKnownFileType = sourcecode.c.objc; path = RCA11yFocusWrapperManager.m; sourceTree = "<group>"; };
		4987BF8528F43AA4005C529E /* RCA11yFocusWrapperManager.h */ = {isa = PBXFileReference; lastKnownFileType = sourcecode.c.h; path = RCA11yFocusWrapperManager.h; sourceTree = "<group>"; };
		4987BF8728F43AD8005C529E /* RCA11yFocusWrapper.m */ = {isa = PBXFileReference; lastKnownFileType = sourcecode.c.objc; path = RCA11yFocusWrapper.m; sourceTree = "<group>"; };
		4987BF8928F43ADF005C529E /* RCA11yFocusWrapper.h */ = {isa = PBXFileReference; lastKnownFileType = sourcecode.c.h; path = RCA11yFocusWrapper.h; sourceTree = "<group>"; };
		4987BF8C28F43B0D005C529E /* RCA11yModule.h */ = {isa = PBXFileReference; lastKnownFileType = sourcecode.c.h; path = RCA11yModule.h; sourceTree = "<group>"; };
		4987BF8D28F43B19005C529E /* RCA11yModule.m */ = {isa = PBXFileReference; lastKnownFileType = sourcecode.c.objc; path = RCA11yModule.m; sourceTree = "<group>"; };
		4909A59528C3F09E004737E2 /* A11yOrderManager */ = {isa = PBXFileReference; lastKnownFileType = text; path = A11yOrderManager; sourceTree = "<group>"; };
		497895E428C238E5004F293B /* RCA11yModule.mm */ = {isa = PBXFileReference; lastKnownFileType = sourcecode.cpp.objcpp; path = RCA11yModule.mm; sourceTree = "<group>"; };
		497895E628C23910004F293B /* RCA11yModule */ = {isa = PBXFileReference; lastKnownFileType = text; path = RCA11yModule; sourceTree = "<group>"; };
		497895EA28C23A06004F293B /* RCA11yFocusWrapperManager.mm */ = {isa = PBXFileReference; lastKnownFileType = sourcecode.cpp.objcpp; path = RCA11yFocusWrapperManager.mm; sourceTree = "<group>"; };
		497895EC28C23A35004F293B /* RCA11yFocusWrapper */ = {isa = PBXFileReference; lastKnownFileType = text; path = RCA11yFocusWrapper; sourceTree = "<group>"; };
		497895EE28C23A5B004F293B /* RCA11yFocusWrapperManager */ = {isa = PBXFileReference; lastKnownFileType = text; path = RCA11yFocusWrapperManager; sourceTree = "<group>"; };
		497895F328C23D75004F293B /* KeyboardFocus */ = {isa = PBXFileReference; lastKnownFileType = text; path = KeyboardFocus; sourceTree = "<group>"; };
		497895F528C23D81004F293B /* KeyboardFocusManager */ = {isa = PBXFileReference; lastKnownFileType = text; path = KeyboardFocusManager; sourceTree = "<group>"; };
		49EC35D128E5C0BD00307B60 /* RCA11yFocusWrapper.h */ = {isa = PBXFileReference; lastKnownFileType = sourcecode.c.h; path = RCA11yFocusWrapper.h; sourceTree = "<group>"; };
		49EC35D328E5E54600307B60 /* PaneViewManager.mm */ = {isa = PBXFileReference; lastKnownFileType = sourcecode.cpp.objcpp; path = PaneViewManager.mm; sourceTree = "<group>"; };
		49EC35D528E5E58200307B60 /* PaneView */ = {isa = PBXFileReference; lastKnownFileType = text; path = PaneView; sourceTree = "<group>"; };
		49EC35D728E5E5CF00307B60 /* PaneViewManager */ = {isa = PBXFileReference; lastKnownFileType = text; path = PaneViewManager; sourceTree = "<group>"; };
		49EC35D928E5E88500307B60 /* RCA11yFocusWrapper.mm */ = {isa = PBXFileReference; lastKnownFileType = sourcecode.cpp.objcpp; path = RCA11yFocusWrapper.mm; sourceTree = "<group>"; };
		49F610DA28E71871009CDD01 /* FBReactNativeSpec.h */ = {isa = PBXFileReference; lastKnownFileType = sourcecode.c.h; path = FBReactNativeSpec.h; sourceTree = "<group>"; };
		49F610DB28E71871009CDD01 /* FBReactNativeSpec-generated.mm */ = {isa = PBXFileReference; lastKnownFileType = sourcecode.cpp.objcpp; path = "FBReactNativeSpec-generated.mm"; sourceTree = "<group>"; };
		49F610DC28E71871009CDD01 /* RCTThirdPartyFabricComponentsProvider.h */ = {isa = PBXFileReference; lastKnownFileType = sourcecode.c.h; path = RCTThirdPartyFabricComponentsProvider.h; sourceTree = "<group>"; };
		49F610DD28E71871009CDD01 /* RCTThirdPartyFabricComponentsProvider.mm */ = {isa = PBXFileReference; lastKnownFileType = sourcecode.cpp.objcpp; path = RCTThirdPartyFabricComponentsProvider.mm; sourceTree = "<group>"; };
		49F610DF28E71872009CDD01 /* A11y.h */ = {isa = PBXFileReference; lastKnownFileType = sourcecode.c.h; path = A11y.h; sourceTree = "<group>"; };
		49F610E028E71872009CDD01 /* A11y-generated.mm */ = {isa = PBXFileReference; lastKnownFileType = sourcecode.cpp.objcpp; path = "A11y-generated.mm"; sourceTree = "<group>"; };
		49F610E528E71872009CDD01 /* ShadowNodes.cpp */ = {isa = PBXFileReference; lastKnownFileType = sourcecode.cpp.cpp; path = ShadowNodes.cpp; sourceTree = "<group>"; };
		49F610E628E71872009CDD01 /* Props.h */ = {isa = PBXFileReference; lastKnownFileType = sourcecode.c.h; path = Props.h; sourceTree = "<group>"; };
		49F610E728E71872009CDD01 /* Props.cpp */ = {isa = PBXFileReference; lastKnownFileType = sourcecode.cpp.cpp; path = Props.cpp; sourceTree = "<group>"; };
		49F610E828E71872009CDD01 /* ComponentDescriptors.h */ = {isa = PBXFileReference; lastKnownFileType = sourcecode.c.h; path = ComponentDescriptors.h; sourceTree = "<group>"; };
		49F610E928E71872009CDD01 /* ShadowNodes.h */ = {isa = PBXFileReference; lastKnownFileType = sourcecode.c.h; path = ShadowNodes.h; sourceTree = "<group>"; };
		49F610EA28E71872009CDD01 /* EventEmitters.h */ = {isa = PBXFileReference; lastKnownFileType = sourcecode.c.h; path = EventEmitters.h; sourceTree = "<group>"; };
		49F610EB28E71872009CDD01 /* EventEmitters.cpp */ = {isa = PBXFileReference; lastKnownFileType = sourcecode.cpp.cpp; path = EventEmitters.cpp; sourceTree = "<group>"; };
		49F610EC28E71872009CDD01 /* RCTComponentViewHelpers.h */ = {isa = PBXFileReference; lastKnownFileType = sourcecode.c.h; path = RCTComponentViewHelpers.h; sourceTree = "<group>"; };
		49F610EE28E71872009CDD01 /* ShadowNodes.cpp */ = {isa = PBXFileReference; lastKnownFileType = sourcecode.cpp.cpp; path = ShadowNodes.cpp; sourceTree = "<group>"; };
		49F610EF28E71872009CDD01 /* Props.h */ = {isa = PBXFileReference; lastKnownFileType = sourcecode.c.h; path = Props.h; sourceTree = "<group>"; };
		49F610F028E71872009CDD01 /* Props.cpp */ = {isa = PBXFileReference; lastKnownFileType = sourcecode.cpp.cpp; path = Props.cpp; sourceTree = "<group>"; };
		49F610F128E71872009CDD01 /* ComponentDescriptors.h */ = {isa = PBXFileReference; lastKnownFileType = sourcecode.c.h; path = ComponentDescriptors.h; sourceTree = "<group>"; };
		49F610F228E71872009CDD01 /* ShadowNodes.h */ = {isa = PBXFileReference; lastKnownFileType = sourcecode.c.h; path = ShadowNodes.h; sourceTree = "<group>"; };
		49F610F328E71872009CDD01 /* EventEmitters.h */ = {isa = PBXFileReference; lastKnownFileType = sourcecode.c.h; path = EventEmitters.h; sourceTree = "<group>"; };
		49F610F428E71872009CDD01 /* EventEmitters.cpp */ = {isa = PBXFileReference; lastKnownFileType = sourcecode.cpp.cpp; path = EventEmitters.cpp; sourceTree = "<group>"; };
		49F610F528E71872009CDD01 /* RCTComponentViewHelpers.h */ = {isa = PBXFileReference; lastKnownFileType = sourcecode.c.h; path = RCTComponentViewHelpers.h; sourceTree = "<group>"; };
		49F610FF28E71D2D009CDD01 /* RCA11yFocusWrapperImpl */ = {isa = PBXFileReference; lastKnownFileType = text; path = RCA11yFocusWrapperImpl; sourceTree = "<group>"; };
		49F6110128E71E67009CDD01 /* RCA11yFocusWrapperImpl.h */ = {isa = PBXFileReference; lastKnownFileType = sourcecode.c.h; path = RCA11yFocusWrapperImpl.h; sourceTree = "<group>"; };
		F4FF95D5245B92E700C19C63 /* A11y-Bridging-Header.h */ = {isa = PBXFileReference; lastKnownFileType = sourcecode.c.h; path = "A11y-Bridging-Header.h"; sourceTree = "<group>"; };
/* End PBXFileReference section */

/* Begin PBXFrameworksBuildPhase section */
		58B511D81A9E6C8500147676 /* Frameworks */ = {
			isa = PBXFrameworksBuildPhase;
			buildActionMask = 2147483647;
			files = (
			);
			runOnlyForDeploymentPostprocessing = 0;
		};
/* End PBXFrameworksBuildPhase section */

/* Begin PBXGroup section */
		134814211AA4EA7D00B7C361 /* Products */ = {
			isa = PBXGroup;
			children = (
				134814201AA4EA6300B7C361 /* libA11y.a */,
			);
			name = Products;
			sourceTree = "<group>";
		};
		4987BF8128F43A7D005C529E /* Components */ = {
			isa = PBXGroup;
			children = (
				4987BF8228F43A8E005C529E /* RCA11yFocusWrapperManager */,
				4909A59528C3F09E004737E2 /* A11yOrderManager */,
			);
			path = A11yOrder;
			sourceTree = "<group>";
		};
		497895E328C238AE004F293B /* A11yModule */ = {
			isa = PBXGroup;
			children = (
				497895E428C238E5004F293B /* RCA11yModule.mm */,
				497895E628C23910004F293B /* RCA11yModule */,
			);
			path = A11yModule;
			sourceTree = "<group>";
		};
		497895E828C239BE004F293B /* Components */ = {
			isa = PBXGroup;
			children = (
				49EC35D228E5E51200307B60 /* PaneView */,
				497895E928C239C8004F293B /* RCA11yFocusWrapperManager */,
			);
			path = Components;
			sourceTree = "<group>";
		};
		4987BF8228F43A8E005C529E /* RCA11yFocusWrapperManager */ = {
			isa = PBXGroup;
			children = (
				4987BF8628F43ACD005C529E /* RCA11yFocusWrapper */,
				4987BF8328F43A9C005C529E /* RCA11yFocusWrapperManager.m */,
				4987BF8528F43AA4005C529E /* RCA11yFocusWrapperManager.h */,
				497895EA28C23A06004F293B /* RCA11yFocusWrapperManager.mm */,
				497895EC28C23A35004F293B /* RCA11yFocusWrapper */,
				497895EE28C23A5B004F293B /* RCA11yFocusWrapperManager */,
				49EC35D128E5C0BD00307B60 /* RCA11yFocusWrapper.h */,
				49EC35D928E5E88500307B60 /* RCA11yFocusWrapper.mm */,
				49F610FF28E71D2D009CDD01 /* RCA11yFocusWrapperImpl */,
				49F6110128E71E67009CDD01 /* RCA11yFocusWrapperImpl.h */,
			);
			path = RCA11yFocusWrapperManager;
			sourceTree = "<group>";
		};
		4987BF8628F43ACD005C529E /* RCA11yFocusWrapper */ = {
			isa = PBXGroup;
			children = (
				4987BF8728F43AD8005C529E /* RCA11yFocusWrapper.m */,
				4987BF8928F43ADF005C529E /* RCA11yFocusWrapper.h */,
			);
			path = RCA11yFocusWrapper;
			sourceTree = "<group>";
		};
		4987BF8A28F43AF8005C529E /* Modules */ = {
			isa = PBXGroup;
			children = (
				4987BF8B28F43B03005C529E /* RCA11yModule */,
			);
			path = Modules;
			sourceTree = "<group>";
		};
		4987BF8B28F43B03005C529E /* RCA11yModule */ = {
			isa = PBXGroup;
			children = (
				4987BF8C28F43B0D005C529E /* RCA11yModule.h */,
				4987BF8D28F43B19005C529E /* RCA11yModule.m */,
				497895F328C23D75004F293B /* KeyboardFocus */,
				497895F528C23D81004F293B /* KeyboardFocusManager */,
			);
			path = RCA11yModule;
			sourceTree = "<group>";
		};
		49EC35D228E5E51200307B60 /* PaneView */ = {
			isa = PBXGroup;
			children = (
				49EC35D328E5E54600307B60 /* PaneViewManager.mm */,
				49EC35D528E5E58200307B60 /* PaneView */,
				49EC35D728E5E5CF00307B60 /* PaneViewManager */,
			);
			path = PaneView;
			sourceTree = "<group>";
		};
		49F610D628E71871009CDD01 /* build */ = {
			isa = PBXGroup;
			children = (
				49F610D728E71871009CDD01 /* generated */,
			);
			path = build;
			sourceTree = "<group>";
		};
		49F610D728E71871009CDD01 /* generated */ = {
			isa = PBXGroup;
			children = (
				49F610D828E71871009CDD01 /* ios */,
			);
			path = generated;
			sourceTree = "<group>";
		};
		49F610D828E71871009CDD01 /* ios */ = {
			isa = PBXGroup;
			children = (
				49F610D928E71871009CDD01 /* FBReactNativeSpec */,
				49F610DC28E71871009CDD01 /* RCTThirdPartyFabricComponentsProvider.h */,
				49F610DD28E71871009CDD01 /* RCTThirdPartyFabricComponentsProvider.mm */,
				49F610DE28E71871009CDD01 /* A11y */,
				49F610E128E71872009CDD01 /* react */,
			);
			path = ios;
			sourceTree = "<group>";
		};
		49F610D928E71871009CDD01 /* FBReactNativeSpec */ = {
			isa = PBXGroup;
			children = (
				49F610DA28E71871009CDD01 /* FBReactNativeSpec.h */,
				49F610DB28E71871009CDD01 /* FBReactNativeSpec-generated.mm */,
			);
			path = FBReactNativeSpec;
			sourceTree = "<group>";
		};
		49F610DE28E71871009CDD01 /* A11y */ = {
			isa = PBXGroup;
			children = (
				49F610DF28E71872009CDD01 /* A11y.h */,
				49F610E028E71872009CDD01 /* A11y-generated.mm */,
			);
			path = A11y;
			sourceTree = "<group>";
		};
		49F610E128E71872009CDD01 /* react */ = {
			isa = PBXGroup;
			children = (
				49F610E228E71872009CDD01 /* renderer */,
			);
			path = react;
			sourceTree = "<group>";
		};
		49F610E228E71872009CDD01 /* renderer */ = {
			isa = PBXGroup;
			children = (
				49F610E328E71872009CDD01 /* components */,
			);
			path = renderer;
			sourceTree = "<group>";
		};
		49F610E328E71872009CDD01 /* components */ = {
			isa = PBXGroup;
			children = (
				49F610E428E71872009CDD01 /* A11y */,
				49F610ED28E71872009CDD01 /* rncore */,
			);
			path = components;
			sourceTree = "<group>";
		};
		49F610E428E71872009CDD01 /* A11y */ = {
			isa = PBXGroup;
			children = (
				49F610E528E71872009CDD01 /* ShadowNodes.cpp */,
				49F610E628E71872009CDD01 /* Props.h */,
				49F610E728E71872009CDD01 /* Props.cpp */,
				49F610E828E71872009CDD01 /* ComponentDescriptors.h */,
				49F610E928E71872009CDD01 /* ShadowNodes.h */,
				49F610EA28E71872009CDD01 /* EventEmitters.h */,
				49F610EB28E71872009CDD01 /* EventEmitters.cpp */,
				49F610EC28E71872009CDD01 /* RCTComponentViewHelpers.h */,
			);
			path = A11y;
			sourceTree = "<group>";
		};
		49F610ED28E71872009CDD01 /* rncore */ = {
			isa = PBXGroup;
			children = (
				49F610EE28E71872009CDD01 /* ShadowNodes.cpp */,
				49F610EF28E71872009CDD01 /* Props.h */,
				49F610F028E71872009CDD01 /* Props.cpp */,
				49F610F128E71872009CDD01 /* ComponentDescriptors.h */,
				49F610F228E71872009CDD01 /* ShadowNodes.h */,
				49F610F328E71872009CDD01 /* EventEmitters.h */,
				49F610F428E71872009CDD01 /* EventEmitters.cpp */,
				49F610F528E71872009CDD01 /* RCTComponentViewHelpers.h */,
			);
			path = rncore;
			sourceTree = "<group>";
		};
		58B511D21A9E6C8500147676 = {
			isa = PBXGroup;
			children = (
				4987BF8A28F43AF8005C529E /* Modules */,
				4987BF8128F43A7D005C529E /* Components */,
				49F610D628E71871009CDD01 /* build */,
				497895F128C23D4F004F293B /* Mixins */,
				497895F028C23D36004F293B /* Modules */,
				497895E828C239BE004F293B /* Components */,
				F4FF95D5245B92E700C19C63 /* A11y-Bridging-Header.h */,
				134814211AA4EA7D00B7C361 /* Products */,
			);
			sourceTree = "<group>";
		};
/* End PBXGroup section */

/* Begin PBXNativeTarget section */
		58B511DA1A9E6C8500147676 /* A11y */ = {
			isa = PBXNativeTarget;
			buildConfigurationList = 58B511EF1A9E6C8500147676 /* Build configuration list for PBXNativeTarget "A11y" */;
			buildPhases = (
				58B511D71A9E6C8500147676 /* Sources */,
				58B511D81A9E6C8500147676 /* Frameworks */,
				58B511D91A9E6C8500147676 /* CopyFiles */,
			);
			buildRules = (
			);
			dependencies = (
			);
			name = A11y;
			productName = RCTDataManager;
			productReference = 134814201AA4EA6300B7C361 /* libA11y.a */;
			productType = "com.apple.product-type.library.static";
		};
/* End PBXNativeTarget section */

/* Begin PBXProject section */
		58B511D31A9E6C8500147676 /* Project object */ = {
			isa = PBXProject;
			attributes = {
				LastUpgradeCheck = 0920;
				ORGANIZATIONNAME = Facebook;
				TargetAttributes = {
					58B511DA1A9E6C8500147676 = {
						CreatedOnToolsVersion = 6.1.1;
					};
				};
			};
			buildConfigurationList = 58B511D61A9E6C8500147676 /* Build configuration list for PBXProject "A11y" */;
			compatibilityVersion = "Xcode 3.2";
			developmentRegion = English;
			hasScannedForEncodings = 0;
			knownRegions = (
				English,
				en,
			);
			mainGroup = 58B511D21A9E6C8500147676;
			productRefGroup = 58B511D21A9E6C8500147676;
			projectDirPath = "";
			projectRoot = "";
			targets = (
				58B511DA1A9E6C8500147676 /* A11y */,
			);
		};
/* End PBXProject section */

/* Begin PBXSourcesBuildPhase section */
		58B511D71A9E6C8500147676 /* Sources */ = {
			isa = PBXSourcesBuildPhase;
			buildActionMask = 2147483647;
			files = (
				4987BF8428F43A9C005C529E /* RCA11yFocusWrapperManager.m in Sources */,
				4987BF8828F43AD8005C529E /* RCA11yFocusWrapper.m in Sources */,
				4987BF8E28F43B19005C529E /* RCA11yModule.m in Sources */,
				49EC35D628E5E58200307B60 /* PaneView in Sources */,
				497895F628C23D82004F293B /* KeyboardFocusManager in Sources */,
				497895EF28C23A5B004F293B /* RCA11yFocusWrapperManager in Sources */,
				497895F428C23D75004F293B /* KeyboardFocus in Sources */,
				497895ED28C23A35004F293B /* RCA11yFocusWrapper in Sources */,
				497895E528C238E5004F293B /* RCA11yModule.mm in Sources */,
				497895E728C23910004F293B /* RCA11yModule in Sources */,
				4909A59628C3F09E004737E2 /* A11yOrderManager in Sources */,
				49EC35D428E5E54600307B60 /* PaneViewManager.mm in Sources */,
				49EC35DA28E5E88500307B60 /* RCA11yFocusWrapper.mm in Sources */,
				49EC35D828E5E5CF00307B60 /* PaneViewManager in Sources */,
				497895EB28C23A06004F293B /* RCA11yFocusWrapperManager.mm in Sources */,
				49F6110028E71D2D009CDD01 /* RCA11yFocusWrapperImpl in Sources */,
			);
			runOnlyForDeploymentPostprocessing = 0;
		};
/* End PBXSourcesBuildPhase section */

/* Begin XCBuildConfiguration section */
		58B511ED1A9E6C8500147676 /* Debug */ = {
			isa = XCBuildConfiguration;
			buildSettings = {
				ALWAYS_SEARCH_USER_PATHS = NO;
				CLANG_CXX_LANGUAGE_STANDARD = "gnu++0x";
				CLANG_CXX_LIBRARY = "libc++";
				CLANG_ENABLE_MODULES = YES;
				CLANG_ENABLE_OBJC_ARC = YES;
				CLANG_WARN_BLOCK_CAPTURE_AUTORELEASING = YES;
				CLANG_WARN_BOOL_CONVERSION = YES;
				CLANG_WARN_COMMA = YES;
				CLANG_WARN_CONSTANT_CONVERSION = YES;
				CLANG_WARN_DIRECT_OBJC_ISA_USAGE = YES_ERROR;
				CLANG_WARN_EMPTY_BODY = YES;
				CLANG_WARN_ENUM_CONVERSION = YES;
				CLANG_WARN_INFINITE_RECURSION = YES;
				CLANG_WARN_INT_CONVERSION = YES;
				CLANG_WARN_NON_LITERAL_NULL_CONVERSION = YES;
				CLANG_WARN_OBJC_LITERAL_CONVERSION = YES;
				CLANG_WARN_OBJC_ROOT_CLASS = YES_ERROR;
				CLANG_WARN_RANGE_LOOP_ANALYSIS = YES;
				CLANG_WARN_STRICT_PROTOTYPES = YES;
				CLANG_WARN_SUSPICIOUS_MOVE = YES;
				CLANG_WARN_UNREACHABLE_CODE = YES;
				CLANG_WARN__DUPLICATE_METHOD_MATCH = YES;
				COPY_PHASE_STRIP = NO;
				ENABLE_STRICT_OBJC_MSGSEND = YES;
				ENABLE_TESTABILITY = YES;
				"EXCLUDED_ARCHS[sdk=*]" = arm64;
				GCC_C_LANGUAGE_STANDARD = gnu99;
				GCC_DYNAMIC_NO_PIC = NO;
				GCC_NO_COMMON_BLOCKS = YES;
				GCC_OPTIMIZATION_LEVEL = 0;
				GCC_PREPROCESSOR_DEFINITIONS = (
					"DEBUG=1",
					"$(inherited)",
				);
				GCC_SYMBOLS_PRIVATE_EXTERN = NO;
				GCC_WARN_64_TO_32_BIT_CONVERSION = YES;
				GCC_WARN_ABOUT_RETURN_TYPE = YES_ERROR;
				GCC_WARN_UNDECLARED_SELECTOR = YES;
				GCC_WARN_UNINITIALIZED_AUTOS = YES_AGGRESSIVE;
				GCC_WARN_UNUSED_FUNCTION = YES;
				GCC_WARN_UNUSED_VARIABLE = YES;
				IPHONEOS_DEPLOYMENT_TARGET = 8.0;
				MTL_ENABLE_DEBUG_INFO = YES;
				ONLY_ACTIVE_ARCH = YES;
				SDKROOT = iphoneos;
			};
			name = Debug;
		};
		58B511EE1A9E6C8500147676 /* Release */ = {
			isa = XCBuildConfiguration;
			buildSettings = {
				ALWAYS_SEARCH_USER_PATHS = NO;
				CLANG_CXX_LANGUAGE_STANDARD = "gnu++0x";
				CLANG_CXX_LIBRARY = "libc++";
				CLANG_ENABLE_MODULES = YES;
				CLANG_ENABLE_OBJC_ARC = YES;
				CLANG_WARN_BLOCK_CAPTURE_AUTORELEASING = YES;
				CLANG_WARN_BOOL_CONVERSION = YES;
				CLANG_WARN_COMMA = YES;
				CLANG_WARN_CONSTANT_CONVERSION = YES;
				CLANG_WARN_DIRECT_OBJC_ISA_USAGE = YES_ERROR;
				CLANG_WARN_EMPTY_BODY = YES;
				CLANG_WARN_ENUM_CONVERSION = YES;
				CLANG_WARN_INFINITE_RECURSION = YES;
				CLANG_WARN_INT_CONVERSION = YES;
				CLANG_WARN_NON_LITERAL_NULL_CONVERSION = YES;
				CLANG_WARN_OBJC_LITERAL_CONVERSION = YES;
				CLANG_WARN_OBJC_ROOT_CLASS = YES_ERROR;
				CLANG_WARN_RANGE_LOOP_ANALYSIS = YES;
				CLANG_WARN_STRICT_PROTOTYPES = YES;
				CLANG_WARN_SUSPICIOUS_MOVE = YES;
				CLANG_WARN_UNREACHABLE_CODE = YES;
				CLANG_WARN__DUPLICATE_METHOD_MATCH = YES;
				COPY_PHASE_STRIP = YES;
				ENABLE_NS_ASSERTIONS = NO;
				ENABLE_STRICT_OBJC_MSGSEND = YES;
				"EXCLUDED_ARCHS[sdk=*]" = arm64;
				GCC_C_LANGUAGE_STANDARD = gnu99;
				GCC_NO_COMMON_BLOCKS = YES;
				GCC_WARN_64_TO_32_BIT_CONVERSION = YES;
				GCC_WARN_ABOUT_RETURN_TYPE = YES_ERROR;
				GCC_WARN_UNDECLARED_SELECTOR = YES;
				GCC_WARN_UNINITIALIZED_AUTOS = YES_AGGRESSIVE;
				GCC_WARN_UNUSED_FUNCTION = YES;
				GCC_WARN_UNUSED_VARIABLE = YES;
				IPHONEOS_DEPLOYMENT_TARGET = 8.0;
				MTL_ENABLE_DEBUG_INFO = NO;
				SDKROOT = iphoneos;
				VALIDATE_PRODUCT = YES;
			};
			name = Release;
		};
		58B511F01A9E6C8500147676 /* Debug */ = {
			isa = XCBuildConfiguration;
			buildSettings = {
				HEADER_SEARCH_PATHS = (
					"$(inherited)",
					/Applications/Xcode.app/Contents/Developer/Toolchains/XcodeDefault.xctoolchain/usr/include,
					"$(SRCROOT)/../../../React/**",
					"$(SRCROOT)/../../react-native/React/**",
				);
				LIBRARY_SEARCH_PATHS = "$(inherited)";
				OTHER_LDFLAGS = "-ObjC";
				PRODUCT_NAME = A11y;
				SKIP_INSTALL = YES;
				SWIFT_OBJC_BRIDGING_HEADER = "A11y-Bridging-Header.h";
				SWIFT_OPTIMIZATION_LEVEL = "-Onone";
				SWIFT_VERSION = 5.0;
			};
			name = Debug;
		};
		58B511F11A9E6C8500147676 /* Release */ = {
			isa = XCBuildConfiguration;
			buildSettings = {
				HEADER_SEARCH_PATHS = (
					"$(inherited)",
					/Applications/Xcode.app/Contents/Developer/Toolchains/XcodeDefault.xctoolchain/usr/include,
					"$(SRCROOT)/../../../React/**",
					"$(SRCROOT)/../../react-native/React/**",
				);
				LIBRARY_SEARCH_PATHS = "$(inherited)";
				OTHER_LDFLAGS = "-ObjC";
				PRODUCT_NAME = A11y;
				SKIP_INSTALL = YES;
				SWIFT_OBJC_BRIDGING_HEADER = "A11y-Bridging-Header.h";
				SWIFT_VERSION = 5.0;
			};
			name = Release;
		};
/* End XCBuildConfiguration section */

/* Begin XCConfigurationList section */
		58B511D61A9E6C8500147676 /* Build configuration list for PBXProject "A11y" */ = {
			isa = XCConfigurationList;
			buildConfigurations = (
				58B511ED1A9E6C8500147676 /* Debug */,
				58B511EE1A9E6C8500147676 /* Release */,
			);
			defaultConfigurationIsVisible = 0;
			defaultConfigurationName = Release;
		};
		58B511EF1A9E6C8500147676 /* Build configuration list for PBXNativeTarget "A11y" */ = {
			isa = XCConfigurationList;
			buildConfigurations = (
				58B511F01A9E6C8500147676 /* Debug */,
				58B511F11A9E6C8500147676 /* Release */,
			);
			defaultConfigurationIsVisible = 0;
			defaultConfigurationName = Release;
		};
/* End XCConfigurationList section */
	};
	rootObject = 58B511D31A9E6C8500147676 /* Project object */;
}
